
Microsoft Visual Studio Solution File, Format Version 12.00
# Visual Studio Version 17
VisualStudioVersion = 17.8.34525.116
MinimumVisualStudioVersion = 10.0.40219.1
Project("{FAE04EC0-301F-11D3-BF4B-00C04F79EFBC}") = "ASPNetValidationControls", "ASPNetValidationControls\ASPNetValidationControls.csproj", "{7DEC87C1-1453-44E9-9CA0-F57E01778D52}"
EndProject
Global
	GlobalSection(SolutionConfigurationPlatforms) = preSolution
		Debug|Any CPU = Debug|Any CPU
		Release|Any CPU = Release|Any CPU
	EndGlobalSection
	GlobalSection(ProjectConfigurationPlatforms) = postSolution
		{7DEC87C1-1453-44E9-9CA0-F57E01778D52}.Debug|Any CPU.ActiveCfg = Debug|Any CPU
		{7DEC87C1-1453-44E9-9CA0-F57E01778D52}.Debug|Any CPU.Build.0 = Debug|Any CPU
		{7DEC87C1-1453-44E9-9CA0-F57E01778D52}.Release|Any CPU.ActiveCfg = Release|Any CPU
		{7DEC87C1-1453-44E9-9CA0-F57E01778D52}.Release|Any CPU.Build.0 = Release|Any CPU
	EndGlobalSection
	GlobalSection(SolutionProperties) = preSolution
		HideSolutionNode = FALSE
	EndGlobalSection
	GlobalSection(ExtensibilityGlobals) = postSolution
		SolutionGuid = {4A1A27D4-142C-4A41-ACEB-C1D538F3DCD6}
	EndGlobalSection
EndGlobal
